
Microsoft Visual Studio Solution File, Format Version 12.00
# Visual Studio 15
VisualStudioVersion = 15.0.27703.2000
MinimumVisualStudioVersion = 10.0.40219.1
Project("{E24C65DC-7377-472B-9ABA-BC803B73C61A}") = "GridPracticeCSS", "GridPracticeCSS\", "{C2868151-D4CA-46FF-A347-01CC041E9BD8}"
	ProjectSection(WebsiteProperties) = preProject
		TargetFrameworkMoniker = ".NETFramework,Version%3Dv4.6.1"
		Debug.AspNetCompiler.VirtualPath = "/localhost_57265"
		Debug.AspNetCompiler.PhysicalPath = "GridPracticeCSS\"
		Debug.AspNetCompiler.TargetPath = "PrecompiledWeb\localhost_57265\"
		Debug.AspNetCompiler.Updateable = "true"
		Debug.AspNetCompiler.ForceOverwrite = "true"
		Debug.AspNetCompiler.FixedNames = "false"
		Debug.AspNetCompiler.Debug = "True"
		Release.AspNetCompiler.VirtualPath = "/localhost_57265"
		Release.AspNetCompiler.PhysicalPath = "GridPracticeCSS\"
		Release.AspNetCompiler.TargetPath = "PrecompiledWeb\localhost_57265\"
		Release.AspNetCompiler.Updateable = "true"
		Release.AspNetCompiler.ForceOverwrite = "true"
		Release.AspNetCompiler.FixedNames = "false"
		Release.AspNetCompiler.Debug = "False"
		VWDPort = "57265"
		SlnRelativePath = "GridPracticeCSS\"
		DefaultWebSiteLanguage = "Visual C#"
	EndProjectSection
EndProject
Global
	GlobalSection(SolutionConfigurationPlatforms) = preSolution
		Debug|Any CPU = Debug|Any CPU
	EndGlobalSection
	GlobalSection(ProjectConfigurationPlatforms) = postSolution
		{C2868151-D4CA-46FF-A347-01CC041E9BD8}.Debug|Any CPU.ActiveCfg = Debug|Any CPU
		{C2868151-D4CA-46FF-A347-01CC041E9BD8}.Debug|Any CPU.Build.0 = Debug|Any CPU
	EndGlobalSection
	GlobalSection(SolutionProperties) = preSolution
		HideSolutionNode = FALSE
	EndGlobalSection
	GlobalSection(ExtensibilityGlobals) = postSolution
		SolutionGuid = {63F65100-7257-43EE-B541-34D1E27E9304}
	EndGlobalSection
EndGlobal
